
Microsoft Visual Studio Solution File, Format Version 12.00
# Visual Studio Version 17
VisualStudioVersion = 17.3.32922.545
MinimumVisualStudioVersion = 10.0.40219.1
Project("{FAE04EC0-301F-11D3-BF4B-00C04F79EFBC}") = "BadPotato", "BadPotato.csproj", "{759A5756-C405-46A5-B592-3ED71DABC30E}"
EndProject
Global
	GlobalSection(SolutionConfigurationPlatforms) = preSolution
		Debug|Any CPU = Debug|Any CPU
		Debug|x64 = Debug|x64
		Release|Any CPU = Release|Any CPU
		Release|x64 = Release|x64
	EndGlobalSection
	GlobalSection(ProjectConfigurationPlatforms) = postSolution
		{759A5756-C405-46A5-B592-3ED71DABC30E}.Debug|Any CPU.ActiveCfg = Debug|Any CPU
		{759A5756-C405-46A5-B592-3ED71DABC30E}.Debug|Any CPU.Build.0 = Debug|Any CPU
		{759A5756-C405-46A5-B592-3ED71DABC30E}.Debug|x64.ActiveCfg = Debug|x64
		{759A5756-C405-46A5-B592-3ED71DABC30E}.Debug|x64.Build.0 = Debug|x64
		{759A5756-C405-46A5-B592-3ED71DABC30E}.Release|Any CPU.ActiveCfg = Release|Any CPU
		{759A5756-C405-46A5-B592-3ED71DABC30E}.Release|Any CPU.Build.0 = Release|Any CPU
		{759A5756-C405-46A5-B592-3ED71DABC30E}.Release|x64.ActiveCfg = Release|x64
		{759A5756-C405-46A5-B592-3ED71DABC30E}.Release|x64.Build.0 = Release|x64
	EndGlobalSection
	GlobalSection(SolutionProperties) = preSolution
		HideSolutionNode = FALSE
	EndGlobalSection
	GlobalSection(ExtensibilityGlobals) = postSolution
		SolutionGuid = {4C3563BE-FBFC-4A09-BDEF-9CBFBB47CDC5}
	EndGlobalSection
EndGlobal
